
Microsoft Visual Studio Solution File, Format Version 12.00
# Visual Studio 14
VisualStudioVersion = 14.0.25420.1
MinimumVisualStudioVersion = 10.0.40219.1
Project("{2150E333-8FDC-42A3-9474-1A3956D46DE8}") = "0 common", "0 common", "{05C5A8BA-23B0-4746-A88F-956BC37BBBD7}"
EndProject
Project("{FAE04EC0-301F-11D3-BF4B-00C04F79EFBC}") = "demoProject.common.model", "demoProject.common.model\demoProject.common.model.csproj", "{C59852BC-DB6F-4725-9DA6-B1C38E204546}"
EndProject
Project("{2150E333-8FDC-42A3-9474-1A3956D46DE8}") = "1 presentation", "1 presentation", "{FEBB00A8-B498-49A1-892F-1025DA4D7FEE}"
EndProject
Project("{2150E333-8FDC-42A3-9474-1A3956D46DE8}") = "2 servise", "2 servise", "{BFA1D6C9-D368-49A2-96A0-8375C2E0F307}"
EndProject
Project("{2150E333-8FDC-42A3-9474-1A3956D46DE8}") = "3 BLL", "3 BLL", "{AC6ACFDB-4A28-47B6-AF50-7728AF1A8F79}"
EndProject
Project("{2150E333-8FDC-42A3-9474-1A3956D46DE8}") = "4 DataAccess", "4 DataAccess", "{BEAB0A0D-C896-4C15-B74C-D0BACEB4EC23}"
EndProject
Project("{FAE04EC0-301F-11D3-BF4B-00C04F79EFBC}") = "demoProject.DataAccess.DAL", "demoProject.DataAccess.DAL\demoProject.DataAccess.DAL.csproj", "{25E5DD71-1068-4136-8D85-96F9E97090DA}"
EndProject
Project("{FAE04EC0-301F-11D3-BF4B-00C04F79EFBC}") = "demoProject.presentation.web", "demoProject.presentation.web\demoProject.presentation.web.csproj", "{DB8D6176-0428-476E-8EAD-792257B6FB23}"
EndProject
Global
	GlobalSection(SolutionConfigurationPlatforms) = preSolution
		Debug|Any CPU = Debug|Any CPU
		Release|Any CPU = Release|Any CPU
	EndGlobalSection
	GlobalSection(ProjectConfigurationPlatforms) = postSolution
		{C59852BC-DB6F-4725-9DA6-B1C38E204546}.Debug|Any CPU.ActiveCfg = Debug|Any CPU
		{C59852BC-DB6F-4725-9DA6-B1C38E204546}.Debug|Any CPU.Build.0 = Debug|Any CPU
		{C59852BC-DB6F-4725-9DA6-B1C38E204546}.Release|Any CPU.ActiveCfg = Release|Any CPU
		{C59852BC-DB6F-4725-9DA6-B1C38E204546}.Release|Any CPU.Build.0 = Release|Any CPU
		{25E5DD71-1068-4136-8D85-96F9E97090DA}.Debug|Any CPU.ActiveCfg = Debug|Any CPU
		{25E5DD71-1068-4136-8D85-96F9E97090DA}.Debug|Any CPU.Build.0 = Debug|Any CPU
		{25E5DD71-1068-4136-8D85-96F9E97090DA}.Release|Any CPU.ActiveCfg = Release|Any CPU
		{25E5DD71-1068-4136-8D85-96F9E97090DA}.Release|Any CPU.Build.0 = Release|Any CPU
		{DB8D6176-0428-476E-8EAD-792257B6FB23}.Debug|Any CPU.ActiveCfg = Debug|Any CPU
		{DB8D6176-0428-476E-8EAD-792257B6FB23}.Debug|Any CPU.Build.0 = Debug|Any CPU
		{DB8D6176-0428-476E-8EAD-792257B6FB23}.Release|Any CPU.ActiveCfg = Release|Any CPU
		{DB8D6176-0428-476E-8EAD-792257B6FB23}.Release|Any CPU.Build.0 = Release|Any CPU
	EndGlobalSection
	GlobalSection(SolutionProperties) = preSolution
		HideSolutionNode = FALSE
	EndGlobalSection
	GlobalSection(NestedProjects) = preSolution
		{C59852BC-DB6F-4725-9DA6-B1C38E204546} = {05C5A8BA-23B0-4746-A88F-956BC37BBBD7}
		{25E5DD71-1068-4136-8D85-96F9E97090DA} = {BEAB0A0D-C896-4C15-B74C-D0BACEB4EC23}
		{DB8D6176-0428-476E-8EAD-792257B6FB23} = {FEBB00A8-B498-49A1-892F-1025DA4D7FEE}
	EndGlobalSection
EndGlobal
